
Microsoft Visual Studio Solution File, Format Version 12.00
# Visual Studio Version 17
VisualStudioVersion = 17.10.35013.160
MinimumVisualStudioVersion = 10.0.40219.1
Project("{FAE04EC0-301F-11D3-BF4B-00C04F79EFBC}") = "programacionejerc6", "programacionejerc5clases\programacionejerc6.csproj", "{87D0A880-3D77-48C7-89E4-EA5BFE8F021C}"
EndProject
Global
	GlobalSection(SolutionConfigurationPlatforms) = preSolution
		Debug|Any CPU = Debug|Any CPU
		Release|Any CPU = Release|Any CPU
	EndGlobalSection
	GlobalSection(ProjectConfigurationPlatforms) = postSolution
		{87D0A880-3D77-48C7-89E4-EA5BFE8F021C}.Debug|Any CPU.ActiveCfg = Debug|Any CPU
		{87D0A880-3D77-48C7-89E4-EA5BFE8F021C}.Debug|Any CPU.Build.0 = Debug|Any CPU
		{87D0A880-3D77-48C7-89E4-EA5BFE8F021C}.Release|Any CPU.ActiveCfg = Release|Any CPU
		{87D0A880-3D77-48C7-89E4-EA5BFE8F021C}.Release|Any CPU.Build.0 = Release|Any CPU
	EndGlobalSection
	GlobalSection(SolutionProperties) = preSolution
		HideSolutionNode = FALSE
	EndGlobalSection
	GlobalSection(ExtensibilityGlobals) = postSolution
		SolutionGuid = {44F7DF74-154F-46F0-A4DA-CECB3A19CF2F}
	EndGlobalSection
EndGlobal
